
Microsoft Visual Studio Solution File, Format Version 12.00
# Visual Studio Version 17
VisualStudioVersion = 17.5.33516.290
MinimumVisualStudioVersion = 10.0.40219.1
Project("{778DAE3C-4631-46EA-AA77-85C1314464D9}") = "Marcador Combate", "Pantalla\Marcador Combate.vbproj", "{B3F63E6C-8165-44BE-95DF-52FAC4D62726}"
EndProject
Global
	GlobalSection(SolutionConfigurationPlatforms) = preSolution
		Debug|Any CPU = Debug|Any CPU
		Release|Any CPU = Release|Any CPU
	EndGlobalSection
	GlobalSection(ProjectConfigurationPlatforms) = postSolution
		{B3F63E6C-8165-44BE-95DF-52FAC4D62726}.Debug|Any CPU.ActiveCfg = Debug|Any CPU
		{B3F63E6C-8165-44BE-95DF-52FAC4D62726}.Debug|Any CPU.Build.0 = Debug|Any CPU
		{B3F63E6C-8165-44BE-95DF-52FAC4D62726}.Release|Any CPU.ActiveCfg = Release|Any CPU
		{B3F63E6C-8165-44BE-95DF-52FAC4D62726}.Release|Any CPU.Build.0 = Release|Any CPU
	EndGlobalSection
	GlobalSection(SolutionProperties) = preSolution
		HideSolutionNode = FALSE
	EndGlobalSection
	GlobalSection(ExtensibilityGlobals) = postSolution
		SolutionGuid = {3488F646-4C1A-4255-96D2-81047F44C8B9}
	EndGlobalSection
EndGlobal
